
Microsoft Visual Studio Solution File, Format Version 12.00
# Visual Studio Version 16
VisualStudioVersion = 16.0.30523.141
MinimumVisualStudioVersion = 10.0.40219.1
Project("{FAE04EC0-301F-11D3-BF4B-00C04F79EFBC}") = "BatteryUtility", "BatteryUtility\BatteryUtility.csproj", "{CA9F5671-B23A-4707-BF6F-19B04E819837}"
EndProject
Global
	GlobalSection(SolutionConfigurationPlatforms) = preSolution
		Debug|Any CPU = Debug|Any CPU
		Release|Any CPU = Release|Any CPU
	EndGlobalSection
	GlobalSection(ProjectConfigurationPlatforms) = postSolution
		{CA9F5671-B23A-4707-BF6F-19B04E819837}.Debug|Any CPU.ActiveCfg = Debug|Any CPU
		{CA9F5671-B23A-4707-BF6F-19B04E819837}.Debug|Any CPU.Build.0 = Debug|Any CPU
		{CA9F5671-B23A-4707-BF6F-19B04E819837}.Release|Any CPU.ActiveCfg = Release|Any CPU
		{CA9F5671-B23A-4707-BF6F-19B04E819837}.Release|Any CPU.Build.0 = Release|Any CPU
	EndGlobalSection
	GlobalSection(SolutionProperties) = preSolution
		HideSolutionNode = FALSE
	EndGlobalSection
	GlobalSection(ExtensibilityGlobals) = postSolution
		SolutionGuid = {4BF0D63B-355A-4E45-A122-CBBA90CEC66E}
	EndGlobalSection
EndGlobal
