
Microsoft Visual Studio Solution File, Format Version 12.00
# Visual Studio 15
VisualStudioVersion = 15.0.28307.1209
MinimumVisualStudioVersion = 10.0.40219.1
Project("{FAE04EC0-301F-11D3-BF4B-00C04F79EFBC}") = "BitlockEncrypted", "BitlockEncrypted\BitlockEncrypted.csproj", "{630DFCF7-6738-4DDE-922F-DC346970BCE1}"
EndProject
Global
	GlobalSection(SolutionConfigurationPlatforms) = preSolution
		Debug|Any CPU = Debug|Any CPU
		Release|Any CPU = Release|Any CPU
	EndGlobalSection
	GlobalSection(ProjectConfigurationPlatforms) = postSolution
		{630DFCF7-6738-4DDE-922F-DC346970BCE1}.Debug|Any CPU.ActiveCfg = Debug|Any CPU
		{630DFCF7-6738-4DDE-922F-DC346970BCE1}.Debug|Any CPU.Build.0 = Debug|Any CPU
		{630DFCF7-6738-4DDE-922F-DC346970BCE1}.Release|Any CPU.ActiveCfg = Release|Any CPU
		{630DFCF7-6738-4DDE-922F-DC346970BCE1}.Release|Any CPU.Build.0 = Release|Any CPU
	EndGlobalSection
	GlobalSection(SolutionProperties) = preSolution
		HideSolutionNode = FALSE
	EndGlobalSection
	GlobalSection(ExtensibilityGlobals) = postSolution
		SolutionGuid = {BB73F2D3-EDA0-4C6A-A385-40F7ACFFE903}
	EndGlobalSection
EndGlobal
