
Microsoft Visual Studio Solution File, Format Version 12.00
# Visual Studio 15
VisualStudioVersion = 15.0.28307.1209
MinimumVisualStudioVersion = 10.0.40219.1
Project("{FAE04EC0-301F-11D3-BF4B-00C04F79EFBC}") = "ApplicationInstalledRegistryCheck", "ApplicationInstalledRegistryCheck\ApplicationInstalledRegistryCheck.csproj", "{C6357E12-B697-404B-AA2D-1BB70F0DEBE9}"
EndProject
Global
	GlobalSection(SolutionConfigurationPlatforms) = preSolution
		Debug|Any CPU = Debug|Any CPU
		Release|Any CPU = Release|Any CPU
	EndGlobalSection
	GlobalSection(ProjectConfigurationPlatforms) = postSolution
		{C6357E12-B697-404B-AA2D-1BB70F0DEBE9}.Debug|Any CPU.ActiveCfg = Debug|Any CPU
		{C6357E12-B697-404B-AA2D-1BB70F0DEBE9}.Debug|Any CPU.Build.0 = Debug|Any CPU
		{C6357E12-B697-404B-AA2D-1BB70F0DEBE9}.Release|Any CPU.ActiveCfg = Release|Any CPU
		{C6357E12-B697-404B-AA2D-1BB70F0DEBE9}.Release|Any CPU.Build.0 = Release|Any CPU
	EndGlobalSection
	GlobalSection(SolutionProperties) = preSolution
		HideSolutionNode = FALSE
	EndGlobalSection
	GlobalSection(ExtensibilityGlobals) = postSolution
		SolutionGuid = {C81C81B6-13C5-4640-A7E1-A2A0017119DE}
	EndGlobalSection
EndGlobal
