
Microsoft Visual Studio Solution File, Format Version 12.00
# Visual Studio 15
VisualStudioVersion = 15.0.28307.757
MinimumVisualStudioVersion = 10.0.40219.1
Project("{FAE04EC0-301F-11D3-BF4B-00C04F79EFBC}") = "SettingMigrationPOC", "SettingMigrationPOC\SettingMigrationPOC.csproj", "{39DCE80D-237C-49F9-865F-8B82A31C3408}"
EndProject
Global
	GlobalSection(SolutionConfigurationPlatforms) = preSolution
		Debug|Any CPU = Debug|Any CPU
		Release|Any CPU = Release|Any CPU
	EndGlobalSection
	GlobalSection(ProjectConfigurationPlatforms) = postSolution
		{39DCE80D-237C-49F9-865F-8B82A31C3408}.Debug|Any CPU.ActiveCfg = Debug|Any CPU
		{39DCE80D-237C-49F9-865F-8B82A31C3408}.Debug|Any CPU.Build.0 = Debug|Any CPU
		{39DCE80D-237C-49F9-865F-8B82A31C3408}.Release|Any CPU.ActiveCfg = Release|Any CPU
		{39DCE80D-237C-49F9-865F-8B82A31C3408}.Release|Any CPU.Build.0 = Release|Any CPU
	EndGlobalSection
	GlobalSection(SolutionProperties) = preSolution
		HideSolutionNode = FALSE
	EndGlobalSection
	GlobalSection(ExtensibilityGlobals) = postSolution
		SolutionGuid = {88C80355-3C6D-481F-B0A8-67568A62B147}
	EndGlobalSection
EndGlobal
