
Microsoft Visual Studio Solution File, Format Version 12.00
# Visual Studio 15
VisualStudioVersion = 15.0.28307.757
MinimumVisualStudioVersion = 10.0.40219.1
Project("{FAE04EC0-301F-11D3-BF4B-00C04F79EFBC}") = "RandomResults", "RandomResults\RandomResults.csproj", "{FD4DD9AF-9C73-40DF-A985-F0DEAECD97B6}"
EndProject
Global
	GlobalSection(SolutionConfigurationPlatforms) = preSolution
		Debug|Any CPU = Debug|Any CPU
		Release|Any CPU = Release|Any CPU
	EndGlobalSection
	GlobalSection(ProjectConfigurationPlatforms) = postSolution
		{FD4DD9AF-9C73-40DF-A985-F0DEAECD97B6}.Debug|Any CPU.ActiveCfg = Debug|Any CPU
		{FD4DD9AF-9C73-40DF-A985-F0DEAECD97B6}.Debug|Any CPU.Build.0 = Debug|Any CPU
		{FD4DD9AF-9C73-40DF-A985-F0DEAECD97B6}.Release|Any CPU.ActiveCfg = Release|Any CPU
		{FD4DD9AF-9C73-40DF-A985-F0DEAECD97B6}.Release|Any CPU.Build.0 = Release|Any CPU
	EndGlobalSection
	GlobalSection(SolutionProperties) = preSolution
		HideSolutionNode = FALSE
	EndGlobalSection
	GlobalSection(ExtensibilityGlobals) = postSolution
		SolutionGuid = {6B7EDF63-D1D7-4B69-94B1-86FBAED6A853}
	EndGlobalSection
EndGlobal
