
Microsoft Visual Studio Solution File, Format Version 12.00
# Visual Studio 15
VisualStudioVersion = 15.0.28307.1000
MinimumVisualStudioVersion = 10.0.40219.1
Project("{FAE04EC0-301F-11D3-BF4B-00C04F79EFBC}") = "CircularBufferImplementation", "CircularBufferImplementation\CircularBufferImplementation.csproj", "{4B254BD0-AB3F-4569-99C4-A30A18DF0D6E}"
EndProject
Global
	GlobalSection(SolutionConfigurationPlatforms) = preSolution
		Debug|Any CPU = Debug|Any CPU
		Release|Any CPU = Release|Any CPU
	EndGlobalSection
	GlobalSection(ProjectConfigurationPlatforms) = postSolution
		{4B254BD0-AB3F-4569-99C4-A30A18DF0D6E}.Debug|Any CPU.ActiveCfg = Debug|Any CPU
		{4B254BD0-AB3F-4569-99C4-A30A18DF0D6E}.Debug|Any CPU.Build.0 = Debug|Any CPU
		{4B254BD0-AB3F-4569-99C4-A30A18DF0D6E}.Release|Any CPU.ActiveCfg = Release|Any CPU
		{4B254BD0-AB3F-4569-99C4-A30A18DF0D6E}.Release|Any CPU.Build.0 = Release|Any CPU
	EndGlobalSection
	GlobalSection(SolutionProperties) = preSolution
		HideSolutionNode = FALSE
	EndGlobalSection
	GlobalSection(ExtensibilityGlobals) = postSolution
		SolutionGuid = {620B3FC2-7DA6-4487-BC3F-000FE989587B}
	EndGlobalSection
EndGlobal
