
Microsoft Visual Studio Solution File, Format Version 12.00
# Visual Studio 15
VisualStudioVersion = 15.0.28307.1000
MinimumVisualStudioVersion = 10.0.40219.1
Project("{FAE04EC0-301F-11D3-BF4B-00C04F79EFBC}") = "NotificationPOC4.5", "NotificationPOC4.5\NotificationPOC4.5.csproj", "{366C660A-086B-4585-9578-6C4D46CBABA3}"
EndProject
Global
	GlobalSection(SolutionConfigurationPlatforms) = preSolution
		Debug|Any CPU = Debug|Any CPU
		Release|Any CPU = Release|Any CPU
	EndGlobalSection
	GlobalSection(ProjectConfigurationPlatforms) = postSolution
		{366C660A-086B-4585-9578-6C4D46CBABA3}.Debug|Any CPU.ActiveCfg = Debug|Any CPU
		{366C660A-086B-4585-9578-6C4D46CBABA3}.Debug|Any CPU.Build.0 = Debug|Any CPU
		{366C660A-086B-4585-9578-6C4D46CBABA3}.Release|Any CPU.ActiveCfg = Release|Any CPU
		{366C660A-086B-4585-9578-6C4D46CBABA3}.Release|Any CPU.Build.0 = Release|Any CPU
	EndGlobalSection
	GlobalSection(SolutionProperties) = preSolution
		HideSolutionNode = FALSE
	EndGlobalSection
	GlobalSection(ExtensibilityGlobals) = postSolution
		SolutionGuid = {D4BD2578-CC43-40F1-A2A4-A274714821B2}
	EndGlobalSection
EndGlobal
