
Microsoft Visual Studio Solution File, Format Version 12.00
# Visual Studio 15
VisualStudioVersion = 15.0.28307.1000
MinimumVisualStudioVersion = 10.0.40219.1
Project("{FAE04EC0-301F-11D3-BF4B-00C04F79EFBC}") = "TaskScheduler", "TaskScheduler\TaskScheduler.csproj", "{FF303B79-0FFF-406B-A74D-999EEB2F3DB0}"
EndProject
Global
	GlobalSection(SolutionConfigurationPlatforms) = preSolution
		Debug|Any CPU = Debug|Any CPU
		Release|Any CPU = Release|Any CPU
	EndGlobalSection
	GlobalSection(ProjectConfigurationPlatforms) = postSolution
		{FF303B79-0FFF-406B-A74D-999EEB2F3DB0}.Debug|Any CPU.ActiveCfg = Debug|Any CPU
		{FF303B79-0FFF-406B-A74D-999EEB2F3DB0}.Debug|Any CPU.Build.0 = Debug|Any CPU
		{FF303B79-0FFF-406B-A74D-999EEB2F3DB0}.Release|Any CPU.ActiveCfg = Release|Any CPU
		{FF303B79-0FFF-406B-A74D-999EEB2F3DB0}.Release|Any CPU.Build.0 = Release|Any CPU
	EndGlobalSection
	GlobalSection(SolutionProperties) = preSolution
		HideSolutionNode = FALSE
	EndGlobalSection
	GlobalSection(ExtensibilityGlobals) = postSolution
		SolutionGuid = {3A0FF38B-73A4-4195-86CB-B2877F98ACC0}
	EndGlobalSection
EndGlobal
