
Microsoft Visual Studio Solution File, Format Version 12.00
# Visual Studio 15
VisualStudioVersion = 15.0.28307.757
MinimumVisualStudioVersion = 10.0.40219.1
Project("{FAE04EC0-301F-11D3-BF4B-00C04F79EFBC}") = "SecureRegistryFiles", "SecureRegistryFiles\SecureRegistryFiles.csproj", "{DBF2C00F-359B-4546-9062-4D02391430AB}"
EndProject
Global
	GlobalSection(SolutionConfigurationPlatforms) = preSolution
		Debug|Any CPU = Debug|Any CPU
		Release|Any CPU = Release|Any CPU
	EndGlobalSection
	GlobalSection(ProjectConfigurationPlatforms) = postSolution
		{DBF2C00F-359B-4546-9062-4D02391430AB}.Debug|Any CPU.ActiveCfg = Debug|Any CPU
		{DBF2C00F-359B-4546-9062-4D02391430AB}.Debug|Any CPU.Build.0 = Debug|Any CPU
		{DBF2C00F-359B-4546-9062-4D02391430AB}.Release|Any CPU.ActiveCfg = Release|Any CPU
		{DBF2C00F-359B-4546-9062-4D02391430AB}.Release|Any CPU.Build.0 = Release|Any CPU
	EndGlobalSection
	GlobalSection(SolutionProperties) = preSolution
		HideSolutionNode = FALSE
	EndGlobalSection
	GlobalSection(ExtensibilityGlobals) = postSolution
		SolutionGuid = {D3390CEC-1CC7-425D-B831-BAF6073F7B08}
	EndGlobalSection
EndGlobal
