
Microsoft Visual Studio Solution File, Format Version 12.00
# Visual Studio 15
VisualStudioVersion = 15.0.28307.757
MinimumVisualStudioVersion = 10.0.40219.1
Project("{FAE04EC0-301F-11D3-BF4B-00C04F79EFBC}") = "GenerateGUID", "GenerateGUID\GenerateGUID.csproj", "{DC2D1293-19AB-47E6-A44A-FB8F60A3DA1E}"
EndProject
Global
	GlobalSection(SolutionConfigurationPlatforms) = preSolution
		Debug|Any CPU = Debug|Any CPU
		Release|Any CPU = Release|Any CPU
	EndGlobalSection
	GlobalSection(ProjectConfigurationPlatforms) = postSolution
		{DC2D1293-19AB-47E6-A44A-FB8F60A3DA1E}.Debug|Any CPU.ActiveCfg = Debug|Any CPU
		{DC2D1293-19AB-47E6-A44A-FB8F60A3DA1E}.Debug|Any CPU.Build.0 = Debug|Any CPU
		{DC2D1293-19AB-47E6-A44A-FB8F60A3DA1E}.Release|Any CPU.ActiveCfg = Release|Any CPU
		{DC2D1293-19AB-47E6-A44A-FB8F60A3DA1E}.Release|Any CPU.Build.0 = Release|Any CPU
	EndGlobalSection
	GlobalSection(SolutionProperties) = preSolution
		HideSolutionNode = FALSE
	EndGlobalSection
	GlobalSection(ExtensibilityGlobals) = postSolution
		SolutionGuid = {6913DB65-927F-4C06-96C1-F52F799C6FDE}
	EndGlobalSection
EndGlobal
