
Microsoft Visual Studio Solution File, Format Version 12.00
# Visual Studio 15
VisualStudioVersion = 15.0.28307.1000
MinimumVisualStudioVersion = 10.0.40219.1
Project("{FAE04EC0-301F-11D3-BF4B-00C04F79EFBC}") = "LaunchBrowserInHidden", "LaunchBrowserInHidden\LaunchBrowserInHidden.csproj", "{29E20A98-6E25-4759-B14C-983762F68C37}"
EndProject
Global
	GlobalSection(SolutionConfigurationPlatforms) = preSolution
		Debug|Any CPU = Debug|Any CPU
		Release|Any CPU = Release|Any CPU
	EndGlobalSection
	GlobalSection(ProjectConfigurationPlatforms) = postSolution
		{29E20A98-6E25-4759-B14C-983762F68C37}.Debug|Any CPU.ActiveCfg = Debug|Any CPU
		{29E20A98-6E25-4759-B14C-983762F68C37}.Debug|Any CPU.Build.0 = Debug|Any CPU
		{29E20A98-6E25-4759-B14C-983762F68C37}.Release|Any CPU.ActiveCfg = Release|Any CPU
		{29E20A98-6E25-4759-B14C-983762F68C37}.Release|Any CPU.Build.0 = Release|Any CPU
	EndGlobalSection
	GlobalSection(SolutionProperties) = preSolution
		HideSolutionNode = FALSE
	EndGlobalSection
	GlobalSection(ExtensibilityGlobals) = postSolution
		SolutionGuid = {F052C955-403A-45EF-93A1-BF0008C2B10F}
	EndGlobalSection
EndGlobal
